// !$*UTF8*$!
{
	archiveVersion = 1;
	classes = {
	};
	objectVersion = 50;
	objects = {

/* Begin PBXBuildFile section */
		16881FE318E604490997D054 /* libPods-EmptyView.a in Frameworks */ = {isa = PBXBuildFile; fileRef = 40267332F9048F24D770C898 /* libPods-EmptyView.a */; };
		6B04782922D5C7B600924C6A /* UITableView+EmptyView.m in Sources */ = {isa = PBXBuildFile; fileRef = 6B04782822D5C7B600924C6A /* UITableView+EmptyView.m */; };
		6B0744B922D46ACB00AA08DC /* empty@3x.png in Resources */ = {isa = PBXBuildFile; fileRef = 6B0744B722D46ACB00AA08DC /* empty@3x.png */; };
		6B0744BA22D46ACB00AA08DC /* empty@2x.png in Resources */ = {isa = PBXBuildFile; fileRef = 6B0744B822D46ACB00AA08DC /* empty@2x.png */; };
		6B52C85C22D43C2700B6A3C5 /* AppDelegate.m in Sources */ = {isa = PBXBuildFile; fileRef = 6B52C85B22D43C2700B6A3C5 /* AppDelegate.m */; };
		6B52C85F22D43C2700B6A3C5 /* ViewController.m in Sources */ = {isa = PBXBuildFile; fileRef = 6B52C85E22D43C2700B6A3C5 /* ViewController.m */; };
		6B52C86222D43C2700B6A3C5 /* Main.storyboard in Resources */ = {isa = PBXBuildFile; fileRef = 6B52C86022D43C2700B6A3C5 /* Main.storyboard */; };
		6B52C86422D43C2C00B6A3C5 /* Assets.xcassets in Resources */ = {isa = PBXBuildFile; fileRef = 6B52C86322D43C2C00B6A3C5 /* Assets.xcassets */; };
		6B52C86722D43C2C00B6A3C5 /* LaunchScreen.storyboard in Resources */ = {isa = PBXBuildFile; fileRef = 6B52C86522D43C2C00B6A3C5 /* LaunchScreen.storyboard */; };
		6B52C86A22D43C2C00B6A3C5 /* main.m in Sources */ = {isa = PBXBuildFile; fileRef = 6B52C86922D43C2C00B6A3C5 /* main.m */; };
		6B52C87222D43CC800B6A3C5 /* TableViewController.m in Sources */ = {isa = PBXBuildFile; fileRef = 6B52C87122D43CC800B6A3C5 /* TableViewController.m */; };
		6BD7DA8A22D48C0D00CD5122 /* EmptyDisplayView.m in Sources */ = {isa = PBXBuildFile; fileRef = 6BD7DA8822D48BB100CD5122 /* EmptyDisplayView.m */; };
		6BD7DA9022D4A33000CD5122 /* UIView+EmptyView.m in Sources */ = {isa = PBXBuildFile; fileRef = 6BD7DA8F22D4A33000CD5122 /* UIView+EmptyView.m */; };
		6BEA296822D5DA6000C7DB6A /* empty_nonetwork@2x.png in Resources */ = {isa = PBXBuildFile; fileRef = 6BEA296622D5DA6000C7DB6A /* empty_nonetwork@2x.png */; };
		6BEA296922D5DA6000C7DB6A /* empty_nonetwork@3x.png in Resources */ = {isa = PBXBuildFile; fileRef = 6BEA296722D5DA6000C7DB6A /* empty_nonetwork@3x.png */; };
		6BEA297022D5DF5900C7DB6A /* DemoViewController.m in Sources */ = {isa = PBXBuildFile; fileRef = 6BEA296E22D5DF5900C7DB6A /* DemoViewController.m */; };
		6BEA297122D5DF5900C7DB6A /* DemoViewController.xib in Resources */ = {isa = PBXBuildFile; fileRef = 6BEA296F22D5DF5900C7DB6A /* DemoViewController.xib */; };
		6BEA297422D5E20800C7DB6A /* UICollectionView+EmptyView.m in Sources */ = {isa = PBXBuildFile; fileRef = 6BEA297322D5E20800C7DB6A /* UICollectionView+EmptyView.m */; };
		6BEA297722D5E31D00C7DB6A /* CollectionViewController.m in Sources */ = {isa = PBXBuildFile; fileRef = 6BEA297622D5E31D00C7DB6A /* CollectionViewController.m */; };
/* End PBXBuildFile section */

/* Begin PBXFileReference section */
		40267332F9048F24D770C898 /* libPods-EmptyView.a */ = {isa = PBXFileReference; explicitFileType = archive.ar; includeInIndex = 0; path = "libPods-EmptyView.a"; sourceTree = BUILT_PRODUCTS_DIR; };
		6B04782722D5C7B600924C6A /* UITableView+EmptyView.h */ = {isa = PBXFileReference; lastKnownFileType = sourcecode.c.h; path = "UITableView+EmptyView.h"; sourceTree = "<group>"; };
		6B04782822D5C7B600924C6A /* UITableView+EmptyView.m */ = {isa = PBXFileReference; lastKnownFileType = sourcecode.c.objc; path = "UITableView+EmptyView.m"; sourceTree = "<group>"; };
		6B0744B722D46ACB00AA08DC /* empty@3x.png */ = {isa = PBXFileReference; lastKnownFileType = image.png; path = "empty@3x.png"; sourceTree = "<group>"; };
		6B0744B822D46ACB00AA08DC /* empty@2x.png */ = {isa = PBXFileReference; lastKnownFileType = image.png; path = "empty@2x.png"; sourceTree = "<group>"; };
		6B52C85722D43C2700B6A3C5 /* EmptyView.app */ = {isa = PBXFileReference; explicitFileType = wrapper.application; includeInIndex = 0; path = EmptyView.app; sourceTree = BUILT_PRODUCTS_DIR; };
		6B52C85A22D43C2700B6A3C5 /* AppDelegate.h */ = {isa = PBXFileReference; lastKnownFileType = sourcecode.c.h; path = AppDelegate.h; sourceTree = "<group>"; };
		6B52C85B22D43C2700B6A3C5 /* AppDelegate.m */ = {isa = PBXFileReference; lastKnownFileType = sourcecode.c.objc; path = AppDelegate.m; sourceTree = "<group>"; };
		6B52C85D22D43C2700B6A3C5 /* ViewController.h */ = {isa = PBXFileReference; lastKnownFileType = sourcecode.c.h; path = ViewController.h; sourceTree = "<group>"; };
		6B52C85E22D43C2700B6A3C5 /* ViewController.m */ = {isa = PBXFileReference; lastKnownFileType = sourcecode.c.objc; path = ViewController.m; sourceTree = "<group>"; };
		6B52C86122D43C2700B6A3C5 /* Base */ = {isa = PBXFileReference; lastKnownFileType = file.storyboard; name = Base; path = Base.lproj/Main.storyboard; sourceTree = "<group>"; };
		6B52C86322D43C2C00B6A3C5 /* Assets.xcassets */ = {isa = PBXFileReference; lastKnownFileType = folder.assetcatalog; path = Assets.xcassets; sourceTree = "<group>"; };
		6B52C86622D43C2C00B6A3C5 /* Base */ = {isa = PBXFileReference; lastKnownFileType = file.storyboard; name = Base; path = Base.lproj/LaunchScreen.storyboard; sourceTree = "<group>"; };
		6B52C86822D43C2C00B6A3C5 /* Info.plist */ = {isa = PBXFileReference; lastKnownFileType = text.plist.xml; path = Info.plist; sourceTree = "<group>"; };
		6B52C86922D43C2C00B6A3C5 /* main.m */ = {isa = PBXFileReference; lastKnownFileType = sourcecode.c.objc; path = main.m; sourceTree = "<group>"; };
		6B52C87022D43CC800B6A3C5 /* TableViewController.h */ = {isa = PBXFileReference; lastKnownFileType = sourcecode.c.h; path = TableViewController.h; sourceTree = "<group>"; };
		6B52C87122D43CC800B6A3C5 /* TableViewController.m */ = {isa = PBXFileReference; lastKnownFileType = sourcecode.c.objc; path = TableViewController.m; sourceTree = "<group>"; };
		6BD7DA8722D48BB100CD5122 /* EmptyDisplayView.h */ = {isa = PBXFileReference; fileEncoding = 4; lastKnownFileType = sourcecode.c.h; path = EmptyDisplayView.h; sourceTree = "<group>"; };
		6BD7DA8822D48BB100CD5122 /* EmptyDisplayView.m */ = {isa = PBXFileReference; fileEncoding = 4; lastKnownFileType = sourcecode.c.objc; path = EmptyDisplayView.m; sourceTree = "<group>"; };
		6BD7DA8E22D4A33000CD5122 /* UIView+EmptyView.h */ = {isa = PBXFileReference; lastKnownFileType = sourcecode.c.h; path = "UIView+EmptyView.h"; sourceTree = "<group>"; };
		6BD7DA8F22D4A33000CD5122 /* UIView+EmptyView.m */ = {isa = PBXFileReference; lastKnownFileType = sourcecode.c.objc; path = "UIView+EmptyView.m"; sourceTree = "<group>"; };
		6BEA296622D5DA6000C7DB6A /* empty_nonetwork@2x.png */ = {isa = PBXFileReference; lastKnownFileType = image.png; path = "empty_nonetwork@2x.png"; sourceTree = "<group>"; };
		6BEA296722D5DA6000C7DB6A /* empty_nonetwork@3x.png */ = {isa = PBXFileReference; lastKnownFileType = image.png; path = "empty_nonetwork@3x.png"; sourceTree = "<group>"; };
		6BEA296D22D5DF5900C7DB6A /* DemoViewController.h */ = {isa = PBXFileReference; lastKnownFileType = sourcecode.c.h; path = DemoViewController.h; sourceTree = "<group>"; };
		6BEA296E22D5DF5900C7DB6A /* DemoViewController.m */ = {isa = PBXFileReference; lastKnownFileType = sourcecode.c.objc; path = DemoViewController.m; sourceTree = "<group>"; };
		6BEA296F22D5DF5900C7DB6A /* DemoViewController.xib */ = {isa = PBXFileReference; lastKnownFileType = file.xib; path = DemoViewController.xib; sourceTree = "<group>"; };
		6BEA297222D5E20800C7DB6A /* UICollectionView+EmptyView.h */ = {isa = PBXFileReference; lastKnownFileType = sourcecode.c.h; path = "UICollectionView+EmptyView.h"; sourceTree = "<group>"; };
		6BEA297322D5E20800C7DB6A /* UICollectionView+EmptyView.m */ = {isa = PBXFileReference; lastKnownFileType = sourcecode.c.objc; path = "UICollectionView+EmptyView.m"; sourceTree = "<group>"; };
		6BEA297522D5E31D00C7DB6A /* CollectionViewController.h */ = {isa = PBXFileReference; lastKnownFileType = sourcecode.c.h; path = CollectionViewController.h; sourceTree = "<group>"; };
		6BEA297622D5E31D00C7DB6A /* CollectionViewController.m */ = {isa = PBXFileReference; lastKnownFileType = sourcecode.c.objc; path = CollectionViewController.m; sourceTree = "<group>"; };
		AB11D3E4CE802DB1556A6B14 /* Pods-EmptyView.release.xcconfig */ = {isa = PBXFileReference; includeInIndex = 1; lastKnownFileType = text.xcconfig; name = "Pods-EmptyView.release.xcconfig"; path = "Target Support Files/Pods-EmptyView/Pods-EmptyView.release.xcconfig"; sourceTree = "<group>"; };
		B4986A9544D1BFFB780CF6DC /* Pods-EmptyView.debug.xcconfig */ = {isa = PBXFileReference; includeInIndex = 1; lastKnownFileType = text.xcconfig; name = "Pods-EmptyView.debug.xcconfig"; path = "Target Support Files/Pods-EmptyView/Pods-EmptyView.debug.xcconfig"; sourceTree = "<group>"; };
/* End PBXFileReference section */

/* Begin PBXFrameworksBuildPhase section */
		6B52C85422D43C2700B6A3C5 /* Frameworks */ = {
			isa = PBXFrameworksBuildPhase;
			buildActionMask = 2147483647;
			files = (
				16881FE318E604490997D054 /* libPods-EmptyView.a in Frameworks */,
			);
			runOnlyForDeploymentPostprocessing = 0;
		};
/* End PBXFrameworksBuildPhase section */

/* Begin PBXGroup section */
		0AC9E8540F73C5B4A96E3801 /* Frameworks */ = {
			isa = PBXGroup;
			children = (
				40267332F9048F24D770C898 /* libPods-EmptyView.a */,
			);
			name = Frameworks;
			sourceTree = "<group>";
		};
		4F66C171343EF5D46C0C0E9A /* Pods */ = {
			isa = PBXGroup;
			children = (
				B4986A9544D1BFFB780CF6DC /* Pods-EmptyView.debug.xcconfig */,
				AB11D3E4CE802DB1556A6B14 /* Pods-EmptyView.release.xcconfig */,
			);
			path = Pods;
			sourceTree = "<group>";
		};
		6B52C84E22D43C2700B6A3C5 = {
			isa = PBXGroup;
			children = (
				6B52C85922D43C2700B6A3C5 /* EmptyView */,
				6B52C85822D43C2700B6A3C5 /* Products */,
				4F66C171343EF5D46C0C0E9A /* Pods */,
				0AC9E8540F73C5B4A96E3801 /* Frameworks */,
			);
			sourceTree = "<group>";
		};
		6B52C85822D43C2700B6A3C5 /* Products */ = {
			isa = PBXGroup;
			children = (
				6B52C85722D43C2700B6A3C5 /* EmptyView.app */,
			);
			name = Products;
			sourceTree = "<group>";
		};
		6B52C85922D43C2700B6A3C5 /* EmptyView */ = {
			isa = PBXGroup;
			children = (
				6B52C87322D4407F00B6A3C5 /* class */,
				6B52C85A22D43C2700B6A3C5 /* AppDelegate.h */,
				6B52C85B22D43C2700B6A3C5 /* AppDelegate.m */,
				6B52C85D22D43C2700B6A3C5 /* ViewController.h */,
				6B52C85E22D43C2700B6A3C5 /* ViewController.m */,
				6BEA296D22D5DF5900C7DB6A /* DemoViewController.h */,
				6BEA296E22D5DF5900C7DB6A /* DemoViewController.m */,
				6BEA296F22D5DF5900C7DB6A /* DemoViewController.xib */,
				6BEA297522D5E31D00C7DB6A /* CollectionViewController.h */,
				6BEA297622D5E31D00C7DB6A /* CollectionViewController.m */,
				6B52C87022D43CC800B6A3C5 /* TableViewController.h */,
				6B52C87122D43CC800B6A3C5 /* TableViewController.m */,
				6B52C86022D43C2700B6A3C5 /* Main.storyboard */,
				6B52C86322D43C2C00B6A3C5 /* Assets.xcassets */,
				6B52C86522D43C2C00B6A3C5 /* LaunchScreen.storyboard */,
				6B52C86822D43C2C00B6A3C5 /* Info.plist */,
				6B52C86922D43C2C00B6A3C5 /* main.m */,
			);
			path = EmptyView;
			sourceTree = "<group>";
		};
		6B52C87322D4407F00B6A3C5 /* class */ = {
			isa = PBXGroup;
			children = (
				6BD7DA8722D48BB100CD5122 /* EmptyDisplayView.h */,
				6BD7DA8822D48BB100CD5122 /* EmptyDisplayView.m */,
				6BD7DA8E22D4A33000CD5122 /* UIView+EmptyView.h */,
				6BD7DA8F22D4A33000CD5122 /* UIView+EmptyView.m */,
				6B04782722D5C7B600924C6A /* UITableView+EmptyView.h */,
				6B04782822D5C7B600924C6A /* UITableView+EmptyView.m */,
				6BEA297222D5E20800C7DB6A /* UICollectionView+EmptyView.h */,
				6BEA297322D5E20800C7DB6A /* UICollectionView+EmptyView.m */,
				6B0744B822D46ACB00AA08DC /* empty@2x.png */,
				6B0744B722D46ACB00AA08DC /* empty@3x.png */,
				6BEA296622D5DA6000C7DB6A /* empty_nonetwork@2x.png */,
				6BEA296722D5DA6000C7DB6A /* empty_nonetwork@3x.png */,
			);
			path = class;
			sourceTree = "<group>";
		};
/* End PBXGroup section */

/* Begin PBXNativeTarget section */
		6B52C85622D43C2700B6A3C5 /* EmptyView */ = {
			isa = PBXNativeTarget;
			buildConfigurationList = 6B52C86D22D43C2C00B6A3C5 /* Build configuration list for PBXNativeTarget "EmptyView" */;
			buildPhases = (
				4EA2C5FAAF52DDDE4C107843 /* [CP] Check Pods Manifest.lock */,
				6B52C85322D43C2700B6A3C5 /* Sources */,
				6B52C85422D43C2700B6A3C5 /* Frameworks */,
				6B52C85522D43C2700B6A3C5 /* Resources */,
			);
			buildRules = (
			);
			dependencies = (
			);
			name = EmptyView;
			productName = EmptyView;
			productReference = 6B52C85722D43C2700B6A3C5 /* EmptyView.app */;
			productType = "com.apple.product-type.application";
		};
/* End PBXNativeTarget section */

/* Begin PBXProject section */
		6B52C84F22D43C2700B6A3C5 /* Project object */ = {
			isa = PBXProject;
			attributes = {
				LastUpgradeCheck = 1020;
				ORGANIZATIONNAME = qhht;
				TargetAttributes = {
					6B52C85622D43C2700B6A3C5 = {
						CreatedOnToolsVersion = 10.2.1;
					};
				};
			};
			buildConfigurationList = 6B52C85222D43C2700B6A3C5 /* Build configuration list for PBXProject "EmptyView" */;
			compatibilityVersion = "Xcode 9.3";
			developmentRegion = en;
			hasScannedForEncodings = 0;
			knownRegions = (
				en,
				Base,
			);
			mainGroup = 6B52C84E22D43C2700B6A3C5;
			productRefGroup = 6B52C85822D43C2700B6A3C5 /* Products */;
			projectDirPath = "";
			projectRoot = "";
			targets = (
				6B52C85622D43C2700B6A3C5 /* EmptyView */,
			);
		};
/* End PBXProject section */

/* Begin PBXResourcesBuildPhase section */
		6B52C85522D43C2700B6A3C5 /* Resources */ = {
			isa = PBXResourcesBuildPhase;
			buildActionMask = 2147483647;
			files = (
				6B52C86722D43C2C00B6A3C5 /* LaunchScreen.storyboard in Resources */,
				6B0744B922D46ACB00AA08DC /* empty@3x.png in Resources */,
				6BEA296822D5DA6000C7DB6A /* empty_nonetwork@2x.png in Resources */,
				6BEA297122D5DF5900C7DB6A /* DemoViewController.xib in Resources */,
				6B52C86422D43C2C00B6A3C5 /* Assets.xcassets in Resources */,
				6BEA296922D5DA6000C7DB6A /* empty_nonetwork@3x.png in Resources */,
				6B0744BA22D46ACB00AA08DC /* empty@2x.png in Resources */,
				6B52C86222D43C2700B6A3C5 /* Main.storyboard in Resources */,
			);
			runOnlyForDeploymentPostprocessing = 0;
		};
/* End PBXResourcesBuildPhase section */

/* Begin PBXShellScriptBuildPhase section */
		4EA2C5FAAF52DDDE4C107843 /* [CP] Check Pods Manifest.lock */ = {
			isa = PBXShellScriptBuildPhase;
			buildActionMask = 2147483647;
			files = (
			);
			inputFileListPaths = (
			);
			inputPaths = (
				"${PODS_PODFILE_DIR_PATH}/Podfile.lock",
				"${PODS_ROOT}/Manifest.lock",
			);
			name = "[CP] Check Pods Manifest.lock";
			outputFileListPaths = (
			);
			outputPaths = (
				"$(DERIVED_FILE_DIR)/Pods-EmptyView-checkManifestLockResult.txt",
			);
			runOnlyForDeploymentPostprocessing = 0;
			shellPath = /bin/sh;
			shellScript = "diff \"${PODS_PODFILE_DIR_PATH}/Podfile.lock\" \"${PODS_ROOT}/Manifest.lock\" > /dev/null\nif [ $? != 0 ] ; then\n    # print error to STDERR\n    echo \"error: The sandbox is not in sync with the Podfile.lock. Run 'pod install' or update your CocoaPods installation.\" >&2\n    exit 1\nfi\n# This output is used by Xcode 'outputs' to avoid re-running this script phase.\necho \"SUCCESS\" > \"${SCRIPT_OUTPUT_FILE_0}\"\n";
			showEnvVarsInLog = 0;
		};
/* End PBXShellScriptBuildPhase section */

/* Begin PBXSourcesBuildPhase section */
		6B52C85322D43C2700B6A3C5 /* Sources */ = {
			isa = PBXSourcesBuildPhase;
			buildActionMask = 2147483647;
			files = (
				6BD7DA8A22D48C0D00CD5122 /* EmptyDisplayView.m in Sources */,
				6B52C85F22D43C2700B6A3C5 /* ViewController.m in Sources */,
				6BD7DA9022D4A33000CD5122 /* UIView+EmptyView.m in Sources */,
				6BEA297022D5DF5900C7DB6A /* DemoViewController.m in Sources */,
				6B52C86A22D43C2C00B6A3C5 /* main.m in Sources */,
				6BEA297422D5E20800C7DB6A /* UICollectionView+EmptyView.m in Sources */,
				6B52C85C22D43C2700B6A3C5 /* AppDelegate.m in Sources */,
				6B52C87222D43CC800B6A3C5 /* TableViewController.m in Sources */,
				6BEA297722D5E31D00C7DB6A /* CollectionViewController.m in Sources */,
				6B04782922D5C7B600924C6A /* UITableView+EmptyView.m in Sources */,
			);
			runOnlyForDeploymentPostprocessing = 0;
		};
/* End PBXSourcesBuildPhase section */

/* Begin PBXVariantGroup section */
		6B52C86022D43C2700B6A3C5 /* Main.storyboard */ = {
			isa = PBXVariantGroup;
			children = (
				6B52C86122D43C2700B6A3C5 /* Base */,
			);
			name = Main.storyboard;
			sourceTree = "<group>";
		};
		6B52C86522D43C2C00B6A3C5 /* LaunchScreen.storyboard */ = {
			isa = PBXVariantGroup;
			children = (
				6B52C86622D43C2C00B6A3C5 /* Base */,
			);
			name = LaunchScreen.storyboard;
			sourceTree = "<group>";
		};
/* End PBXVariantGroup section */

/* Begin XCBuildConfiguration section */
		6B52C86B22D43C2C00B6A3C5 /* Debug */ = {
			isa = XCBuildConfiguration;
			buildSettings = {
				ALWAYS_SEARCH_USER_PATHS = NO;
				CLANG_ANALYZER_NONNULL = YES;
				CLANG_ANALYZER_NUMBER_OBJECT_CONVERSION = YES_AGGRESSIVE;
				CLANG_CXX_LANGUAGE_STANDARD = "gnu++14";
				CLANG_CXX_LIBRARY = "libc++";
				CLANG_ENABLE_MODULES = YES;
				CLANG_ENABLE_OBJC_ARC = YES;
				CLANG_ENABLE_OBJC_WEAK = YES;
				CLANG_WARN_BLOCK_CAPTURE_AUTORELEASING = YES;
				CLANG_WARN_BOOL_CONVERSION = YES;
				CLANG_WARN_COMMA = YES;
				CLANG_WARN_CONSTANT_CONVERSION = YES;
				CLANG_WARN_DEPRECATED_OBJC_IMPLEMENTATIONS = YES;
				CLANG_WARN_DIRECT_OBJC_ISA_USAGE = YES_ERROR;
				CLANG_WARN_DOCUMENTATION_COMMENTS = YES;
				CLANG_WARN_EMPTY_BODY = YES;
				CLANG_WARN_ENUM_CONVERSION = YES;
				CLANG_WARN_INFINITE_RECURSION = YES;
				CLANG_WARN_INT_CONVERSION = YES;
				CLANG_WARN_NON_LITERAL_NULL_CONVERSION = YES;
				CLANG_WARN_OBJC_IMPLICIT_RETAIN_SELF = YES;
				CLANG_WARN_OBJC_LITERAL_CONVERSION = YES;
				CLANG_WARN_OBJC_ROOT_CLASS = YES_ERROR;
				CLANG_WARN_RANGE_LOOP_ANALYSIS = YES;
				CLANG_WARN_STRICT_PROTOTYPES = YES;
				CLANG_WARN_SUSPICIOUS_MOVE = YES;
				CLANG_WARN_UNGUARDED_AVAILABILITY = YES_AGGRESSIVE;
				CLANG_WARN_UNREACHABLE_CODE = YES;
				CLANG_WARN__DUPLICATE_METHOD_MATCH = YES;
				CODE_SIGN_IDENTITY = "iPhone Developer";
				COPY_PHASE_STRIP = NO;
				DEBUG_INFORMATION_FORMAT = dwarf;
				ENABLE_STRICT_OBJC_MSGSEND = YES;
				ENABLE_TESTABILITY = YES;
				GCC_C_LANGUAGE_STANDARD = gnu11;
				GCC_DYNAMIC_NO_PIC = NO;
				GCC_NO_COMMON_BLOCKS = YES;
				GCC_OPTIMIZATION_LEVEL = 0;
				GCC_PREPROCESSOR_DEFINITIONS = (
					"DEBUG=1",
					"$(inherited)",
				);
				GCC_WARN_64_TO_32_BIT_CONVERSION = YES;
				GCC_WARN_ABOUT_RETURN_TYPE = YES_ERROR;
				GCC_WARN_UNDECLARED_SELECTOR = YES;
				GCC_WARN_UNINITIALIZED_AUTOS = YES_AGGRESSIVE;
				GCC_WARN_UNUSED_FUNCTION = YES;
				GCC_WARN_UNUSED_VARIABLE = YES;
				IPHONEOS_DEPLOYMENT_TARGET = 12.2;
				MTL_ENABLE_DEBUG_INFO = INCLUDE_SOURCE;
				MTL_FAST_MATH = YES;
				ONLY_ACTIVE_ARCH = YES;
				SDKROOT = iphoneos;
			};
			name = Debug;
		};
		6B52C86C22D43C2C00B6A3C5 /* Release */ = {
			isa = XCBuildConfiguration;
			buildSettings = {
				ALWAYS_SEARCH_USER_PATHS = NO;
				CLANG_ANALYZER_NONNULL = YES;
				CLANG_ANALYZER_NUMBER_OBJECT_CONVERSION = YES_AGGRESSIVE;
				CLANG_CXX_LANGUAGE_STANDARD = "gnu++14";
				CLANG_CXX_LIBRARY = "libc++";
				CLANG_ENABLE_MODULES = YES;
				CLANG_ENABLE_OBJC_ARC = YES;
				CLANG_ENABLE_OBJC_WEAK = YES;
				CLANG_WARN_BLOCK_CAPTURE_AUTORELEASING = YES;
				CLANG_WARN_BOOL_CONVERSION = YES;
				CLANG_WARN_COMMA = YES;
				CLANG_WARN_CONSTANT_CONVERSION = YES;
				CLANG_WARN_DEPRECATED_OBJC_IMPLEMENTATIONS = YES;
				CLANG_WARN_DIRECT_OBJC_ISA_USAGE = YES_ERROR;
				CLANG_WARN_DOCUMENTATION_COMMENTS = YES;
				CLANG_WARN_EMPTY_BODY = YES;
				CLANG_WARN_ENUM_CONVERSION = YES;
				CLANG_WARN_INFINITE_RECURSION = YES;
				CLANG_WARN_INT_CONVERSION = YES;
				CLANG_WARN_NON_LITERAL_NULL_CONVERSION = YES;
				CLANG_WARN_OBJC_IMPLICIT_RETAIN_SELF = YES;
				CLANG_WARN_OBJC_LITERAL_CONVERSION = YES;
				CLANG_WARN_OBJC_ROOT_CLASS = YES_ERROR;
				CLANG_WARN_RANGE_LOOP_ANALYSIS = YES;
				CLANG_WARN_STRICT_PROTOTYPES = YES;
				CLANG_WARN_SUSPICIOUS_MOVE = YES;
				CLANG_WARN_UNGUARDED_AVAILABILITY = YES_AGGRESSIVE;
				CLANG_WARN_UNREACHABLE_CODE = YES;
				CLANG_WARN__DUPLICATE_METHOD_MATCH = YES;
				CODE_SIGN_IDENTITY = "iPhone Developer";
				COPY_PHASE_STRIP = NO;
				DEBUG_INFORMATION_FORMAT = "dwarf-with-dsym";
				ENABLE_NS_ASSERTIONS = NO;
				ENABLE_STRICT_OBJC_MSGSEND = YES;
				GCC_C_LANGUAGE_STANDARD = gnu11;
				GCC_NO_COMMON_BLOCKS = YES;
				GCC_WARN_64_TO_32_BIT_CONVERSION = YES;
				GCC_WARN_ABOUT_RETURN_TYPE = YES_ERROR;
				GCC_WARN_UNDECLARED_SELECTOR = YES;
				GCC_WARN_UNINITIALIZED_AUTOS = YES_AGGRESSIVE;
				GCC_WARN_UNUSED_FUNCTION = YES;
				GCC_WARN_UNUSED_VARIABLE = YES;
				IPHONEOS_DEPLOYMENT_TARGET = 12.2;
				MTL_ENABLE_DEBUG_INFO = NO;
				MTL_FAST_MATH = YES;
				SDKROOT = iphoneos;
				VALIDATE_PRODUCT = YES;
			};
			name = Release;
		};
		6B52C86E22D43C2C00B6A3C5 /* Debug */ = {
			isa = XCBuildConfiguration;
			baseConfigurationReference = B4986A9544D1BFFB780CF6DC /* Pods-EmptyView.debug.xcconfig */;
			buildSettings = {
				ASSETCATALOG_COMPILER_APPICON_NAME = AppIcon;
				CODE_SIGN_STYLE = Automatic;
				DEVELOPMENT_TEAM = 5GT882DXEB;
				INFOPLIST_FILE = EmptyView/Info.plist;
				LD_RUNPATH_SEARCH_PATHS = (
					"$(inherited)",
					"@executable_path/Frameworks",
				);
				PRODUCT_BUNDLE_IDENTIFIER = com.qhht.EmptyView;
				PRODUCT_NAME = "$(TARGET_NAME)";
				TARGETED_DEVICE_FAMILY = "1,2";
			};
			name = Debug;
		};
		6B52C86F22D43C2C00B6A3C5 /* Release */ = {
			isa = XCBuildConfiguration;
			baseConfigurationReference = AB11D3E4CE802DB1556A6B14 /* Pods-EmptyView.release.xcconfig */;
			buildSettings = {
				ASSETCATALOG_COMPILER_APPICON_NAME = AppIcon;
				CODE_SIGN_STYLE = Automatic;
				DEVELOPMENT_TEAM = 5GT882DXEB;
				INFOPLIST_FILE = EmptyView/Info.plist;
				LD_RUNPATH_SEARCH_PATHS = (
					"$(inherited)",
					"@executable_path/Frameworks",
				);
				PRODUCT_BUNDLE_IDENTIFIER = com.qhht.EmptyView;
				PRODUCT_NAME = "$(TARGET_NAME)";
				TARGETED_DEVICE_FAMILY = "1,2";
			};
			name = Release;
		};
/* End XCBuildConfiguration section */

/* Begin XCConfigurationList section */
		6B52C85222D43C2700B6A3C5 /* Build configuration list for PBXProject "EmptyView" */ = {
			isa = XCConfigurationList;
			buildConfigurations = (
				6B52C86B22D43C2C00B6A3C5 /* Debug */,
				6B52C86C22D43C2C00B6A3C5 /* Release */,
			);
			defaultConfigurationIsVisible = 0;
			defaultConfigurationName = Release;
		};
		6B52C86D22D43C2C00B6A3C5 /* Build configuration list for PBXNativeTarget "EmptyView" */ = {
			isa = XCConfigurationList;
			buildConfigurations = (
				6B52C86E22D43C2C00B6A3C5 /* Debug */,
				6B52C86F22D43C2C00B6A3C5 /* Release */,
			);
			defaultConfigurationIsVisible = 0;
			defaultConfigurationName = Release;
		};
/* End XCConfigurationList section */
	};
	rootObject = 6B52C84F22D43C2700B6A3C5 /* Project object */;
}
